dependencies:
  espressif/esp32-camera:
    component_hash: e00e75c24164b5d097bf98f325938558697916a0cb6b68872b9927587b46882a
    source:
      service_url: https://api.components.espressif.com/
      type: service
    version: 2.0.8
  idf:
    component_hash: null
    source:
      type: idf
    version: 5.2.1
manifest_hash: 7f209f5fb08bd8e46c9c6c4a8fcbe390c84c4cc86601e03b38ad56082b0f3ad2
target: esp32s3
version: 1.0.0
